
Microsoft Visual Studio Solution File, Format Version 12.00
# Visual Studio Version 17
VisualStudioVersion = 17.5.33530.505
MinimumVisualStudioVersion = 10.0.40219.1
Project("{FAE04EC0-301F-11D3-BF4B-00C04F79EFBC}") = "EntityFramework7Relationships", "EntityFramework7Relationships\EntityFramework7Relationships.csproj", "{F0E67ED3-B5B8-4C28-B4EA-6844C6A865C4}"
EndProject
Global
	GlobalSection(SolutionConfigurationPlatforms) = preSolution
		Debug|Any CPU = Debug|Any CPU
		Release|Any CPU = Release|Any CPU
	EndGlobalSection
	GlobalSection(ProjectConfigurationPlatforms) = postSolution
		{F0E67ED3-B5B8-4C28-B4EA-6844C6A865C4}.Debug|Any CPU.ActiveCfg = Debug|Any CPU
		{F0E67ED3-B5B8-4C28-B4EA-6844C6A865C4}.Debug|Any CPU.Build.0 = Debug|Any CPU
		{F0E67ED3-B5B8-4C28-B4EA-6844C6A865C4}.Release|Any CPU.ActiveCfg = Release|Any CPU
		{F0E67ED3-B5B8-4C28-B4EA-6844C6A865C4}.Release|Any CPU.Build.0 = Release|Any CPU
	EndGlobalSection
	GlobalSection(SolutionProperties) = preSolution
		HideSolutionNode = FALSE
	EndGlobalSection
	GlobalSection(ExtensibilityGlobals) = postSolution
		SolutionGuid = {A94DCE76-1E57-42B8-BFCD-F1F22EB7C648}
	EndGlobalSection
EndGlobal
